
Microsoft Visual Studio Solution File, Format Version 12.00
# Visual Studio Version 17
VisualStudioVersion = 17.3.32819.101
MinimumVisualStudioVersion = 10.0.40219.1
Project("{FAE04EC0-301F-11D3-BF4B-00C04F79EFBC}") = "LCExtendedHUD", "LCExtendedHUD.csproj", "{8C95BC5E-D480-4198-AF7D-1B99706E6BD2}"
EndProject
Global
	GlobalSection(SolutionConfigurationPlatforms) = preSolution
		Debug|Any CPU = Debug|Any CPU
		Release|Any CPU = Release|Any CPU
	EndGlobalSection
	GlobalSection(ProjectConfigurationPlatforms) = postSolution
		{8C95BC5E-D480-4198-AF7D-1B99706E6BD2}.Debug|Any CPU.ActiveCfg = Debug|Any CPU
		{8C95BC5E-D480-4198-AF7D-1B99706E6BD2}.Debug|Any CPU.Build.0 = Debug|Any CPU
		{8C95BC5E-D480-4198-AF7D-1B99706E6BD2}.Release|Any CPU.ActiveCfg = Release|Any CPU
		{8C95BC5E-D480-4198-AF7D-1B99706E6BD2}.Release|Any CPU.Build.0 = Release|Any CPU
	EndGlobalSection
	GlobalSection(SolutionProperties) = preSolution
		HideSolutionNode = FALSE
	EndGlobalSection
	GlobalSection(ExtensibilityGlobals) = postSolution
		SolutionGuid = {9DB69486-2A8F-46B5-9629-2A48372D249C}
	EndGlobalSection
EndGlobal
